<?xml version="1.0" encoding="utf-8"?>
<Project ToolsVersion="4.0" xmlns="http://schemas.microsoft.com/developer/msbuild/2003">
  <ItemGroup>
    <Filter Include="Source Files">
      <UniqueIdentifier>{4FC737F1-C7A5-4376-A066-2A32D752A2FF}</UniqueIdentifier>
      <Extensions>cpp;c;cc;cxx;def;odl;idl;hpj;bat;asm;asmx</Extensions>
    </Filter>
    <Filter Include="Header Files">
      <UniqueIdentifier>{93995380-89BD-4b04-88EB-625FBE52EBFB}</UniqueIdentifier>
      <Extensions>h;hh;hpp;hxx;hm;inl;inc;xsd</Extensions>
    </Filter>
    <Filter Include="Resource Files">
      <UniqueIdentifier>{67DA6AB6-F800-4c08-8B7A-83BB121AAD01}</UniqueIdentifier>
      <Extensions>rc;ico;cur;bmp;dlg;rc2;rct;bin;rgs;gif;jpg;jpeg;jpe;resx;tiff;tif;png;wav;mfcribbon-ms</Extensions>
    </Filter>
  </ItemGroup>
  <ItemGroup>
    <ClCompile Include="main.cpp">
      <Filter>Source Files</Filter>
    </ClCompile>
  </ItemGroup>
  <ItemGroup>
    <None Include="default_assets\default_shaders\deferred lighting\pointLightGI\interpolationGIpass\screenInterpolationFrag.glsl" />
    <None Include="default_assets\default_shaders\VoxelGI\LightFilterVoxelGI\renderSecondBounceGIFrag.glsl" />
    <None Include="default_assets\default_shaders\VoxelGI\VoxelizationGI\ModernVoxelize\modernVoxelizeGIFrag.glsl" />
    <None Include="default_assets\default_shaders\texture compute mipmapping\mipmapping3DtexRGBA16FCompute.glsl" />
    <None Include="default_assets\default_shaders\VoxelGI\VoxelizationGI\ModernVoxelize\modernVoxelizeGIAverageCompute.glsl" />
    <None Include="default_assets\default_shaders\texture compute mipmapping\mipmapping3DtexRGBA8Compute.glsl" />
    <None Include="default_assets\default_shaders\VoxelGI\LightFilterVoxelGI\lightFilterGICompute.glsl" />
    <None Include="default_assets\default_shaders\VoxelGI\VoxelizationGI\ModernVoxelize\modernVoxelizeGIGeom.glsl" />
    <None Include="default_assets\default_shaders\VoxelGI\VisualizationVoxelGI\voxelGI_marching_visualizeFrag.glsl" />
    <None Include="default_assets\default_shaders\deferred lighting\lightCommitFrag.glsl" />
    <None Include="default_assets\default_shaders\VoxelGI\VoxelizationGI\ModernVoxelize\modernVoxelizeGIVert.glsl" />
    <None Include="default_assets\default_shaders\deferred lighting\pointLight\pointLight_illumFrag.glsl" />
    <None Include="default_assets\default_shaders\standardFrag.glsl" />
    <None Include="default_assets\default_shaders\VoxelGI\LightFilterVoxelGI\renderSecondBounceGIVert.glsl" />
    <None Include="default_assets\default_shaders\texture compute mipmapping\mipmapping2DtexCompute.glsl" />
    <None Include="default_assets\default_shaders\deferred lighting\pointLightGI\GIPass\GI_illumFrag.glsl" />
    <None Include="default_assets\default_shaders\deferred lighting\pointLightGI\GIPass\GI_illumVert.glsl" />
    <None Include="default_assets\default_shaders\deferred lighting\pointLightGI\hq_shading\hq_shadingFrag.glsl" />
    <None Include="default_assets\default_shaders\deferred lighting\pointLightGI\hq_shading\hq_shadingVert.glsl" />
    <None Include="default_assets\default_shaders\deferred lighting\lightCommitVert.glsl" />
    <None Include="default_assets\default_shaders\deferred lighting\pointLight\pointLight_illumVert.glsl" />
    <None Include="default_assets\default_shaders\deferred lighting\pointLightGI\interpolationGIpass\screenInterpolationVert.glsl" />
    <None Include="default_assets\default_shaders\deferred lighting\pointLight\shadowmapDefaultFrag.glsl" />
    <None Include="default_assets\default_shaders\deferred lighting\pointLight\shadowmapDefaultVert.glsl" />
    <None Include="default_assets\default_shaders\deferred lighting\pointLightGI\shadowmap\shadowmapGIFrag.glsl" />
    <None Include="default_assets\default_shaders\deferred lighting\pointLightGI\shadowmap\shadowmapGIVert.glsl" />
    <None Include="default_assets\default_shaders\standardVert.glsl" />
    <None Include="default_assets\default_shaders\VoxelGI\VisualizationVoxelGI\voxelGI_marching_visualizeVert.glsl" />
    <None Include="default_assets\default_shaders\VoxelGI\VisualizationVoxelGI\voxelGI_visualizeFrag.glsl" />
    <None Include="default_assets\default_shaders\VoxelGI\VisualizationVoxelGI\voxelGI_visualizeVert.glsl" />
  </ItemGroup>
</Project>